
Microsoft Visual Studio Solution File, Format Version 12.00
# Visual Studio Version 17
VisualStudioVersion = 17.4.33205.214
MinimumVisualStudioVersion = 10.0.40219.1
Project("{2150E333-8FDC-42A3-9474-1A3956D46DE8}") = "Apps", "Apps", "{D950B4DB-F82C-4600-BB53-3CEE54044147}"
EndProject
Project("{2150E333-8FDC-42A3-9474-1A3956D46DE8}") = "UI", "UI", "{57D914AB-5B75-4932-996C-1A21A05F9003}"
EndProject
Project("{2150E333-8FDC-42A3-9474-1A3956D46DE8}") = "Code", "Code", "{FD262EAD-2F34-4C45-8049-094FBF826BD4}"
EndProject
Project("{9A19103F-16F7-4668-BE54-9A1E7A4F7556}") = "LayuiApp.Desktop", "Apps\LayuiApp.Desktop\LayuiApp.Desktop.csproj", "{355C25AF-C5C6-4583-AC23-97D993D29432}"
EndProject
Project("{9A19103F-16F7-4668-BE54-9A1E7A4F7556}") = "Layui.Core", "Code\Layui.Core\Layui.Core.csproj", "{3249AD8E-FDCE-4AC8-A877-EC8F61C97684}"
EndProject
Project("{9A19103F-16F7-4668-BE54-9A1E7A4F7556}") = "Layui.Main", "Code\Layui.Main\Layui.Main.csproj", "{6BAB38AD-8097-448F-AE86-98BC8B69C95B}"
EndProject
Project("{9A19103F-16F7-4668-BE54-9A1E7A4F7556}") = "Layui.Tools", "Code\Layui.Tools\Layui.Tools.csproj", "{EC621FCA-327D-46B4-8EDC-750C49675ED2}"
EndProject
Project("{9A19103F-16F7-4668-BE54-9A1E7A4F7556}") = "LayUI.Avalonia", "UI\LayUI.Avalonia\LayUI.Avalonia.csproj", "{1BB1986C-B421-4245-9B5A-28E7A51DC52A}"
EndProject
Project("{FAE04EC0-301F-11D3-BF4B-00C04F79EFBC}") = "LayuiApp.Android", "Apps\LayuiApp.Android\LayuiApp.Android.csproj", "{63D820E9-73C0-4AB7-AC54-02F1E006618A}"
EndProject
Global
	GlobalSection(SolutionConfigurationPlatforms) = preSolution
		Debug|Any CPU = Debug|Any CPU
		Release|Any CPU = Release|Any CPU
	EndGlobalSection
	GlobalSection(ProjectConfigurationPlatforms) = postSolution
		{355C25AF-C5C6-4583-AC23-97D993D29432}.Debug|Any CPU.ActiveCfg = Debug|Any CPU
		{355C25AF-C5C6-4583-AC23-97D993D29432}.Debug|Any CPU.Build.0 = Debug|Any CPU
		{355C25AF-C5C6-4583-AC23-97D993D29432}.Release|Any CPU.ActiveCfg = Release|Any CPU
		{355C25AF-C5C6-4583-AC23-97D993D29432}.Release|Any CPU.Build.0 = Release|Any CPU
		{3249AD8E-FDCE-4AC8-A877-EC8F61C97684}.Debug|Any CPU.ActiveCfg = Debug|Any CPU
		{3249AD8E-FDCE-4AC8-A877-EC8F61C97684}.Debug|Any CPU.Build.0 = Debug|Any CPU
		{3249AD8E-FDCE-4AC8-A877-EC8F61C97684}.Release|Any CPU.ActiveCfg = Release|Any CPU
		{3249AD8E-FDCE-4AC8-A877-EC8F61C97684}.Release|Any CPU.Build.0 = Release|Any CPU
		{6BAB38AD-8097-448F-AE86-98BC8B69C95B}.Debug|Any CPU.ActiveCfg = Debug|Any CPU
		{6BAB38AD-8097-448F-AE86-98BC8B69C95B}.Debug|Any CPU.Build.0 = Debug|Any CPU
		{6BAB38AD-8097-448F-AE86-98BC8B69C95B}.Release|Any CPU.ActiveCfg = Release|Any CPU
		{6BAB38AD-8097-448F-AE86-98BC8B69C95B}.Release|Any CPU.Build.0 = Release|Any CPU
		{EC621FCA-327D-46B4-8EDC-750C49675ED2}.Debug|Any CPU.ActiveCfg = Debug|Any CPU
		{EC621FCA-327D-46B4-8EDC-750C49675ED2}.Debug|Any CPU.Build.0 = Debug|Any CPU
		{EC621FCA-327D-46B4-8EDC-750C49675ED2}.Release|Any CPU.ActiveCfg = Release|Any CPU
		{EC621FCA-327D-46B4-8EDC-750C49675ED2}.Release|Any CPU.Build.0 = Release|Any CPU
		{1BB1986C-B421-4245-9B5A-28E7A51DC52A}.Debug|Any CPU.ActiveCfg = Debug|Any CPU
		{1BB1986C-B421-4245-9B5A-28E7A51DC52A}.Debug|Any CPU.Build.0 = Debug|Any CPU
		{1BB1986C-B421-4245-9B5A-28E7A51DC52A}.Release|Any CPU.ActiveCfg = Release|Any CPU
		{1BB1986C-B421-4245-9B5A-28E7A51DC52A}.Release|Any CPU.Build.0 = Release|Any CPU
		{63D820E9-73C0-4AB7-AC54-02F1E006618A}.Debug|Any CPU.ActiveCfg = Debug|Any CPU
		{63D820E9-73C0-4AB7-AC54-02F1E006618A}.Debug|Any CPU.Build.0 = Debug|Any CPU
		{63D820E9-73C0-4AB7-AC54-02F1E006618A}.Release|Any CPU.ActiveCfg = Release|Any CPU
		{63D820E9-73C0-4AB7-AC54-02F1E006618A}.Release|Any CPU.Build.0 = Release|Any CPU
	EndGlobalSection
	GlobalSection(SolutionProperties) = preSolution
		HideSolutionNode = FALSE
	EndGlobalSection
	GlobalSection(NestedProjects) = preSolution
		{355C25AF-C5C6-4583-AC23-97D993D29432} = {D950B4DB-F82C-4600-BB53-3CEE54044147}
		{3249AD8E-FDCE-4AC8-A877-EC8F61C97684} = {FD262EAD-2F34-4C45-8049-094FBF826BD4}
		{6BAB38AD-8097-448F-AE86-98BC8B69C95B} = {FD262EAD-2F34-4C45-8049-094FBF826BD4}
		{EC621FCA-327D-46B4-8EDC-750C49675ED2} = {FD262EAD-2F34-4C45-8049-094FBF826BD4}
		{1BB1986C-B421-4245-9B5A-28E7A51DC52A} = {57D914AB-5B75-4932-996C-1A21A05F9003}
		{63D820E9-73C0-4AB7-AC54-02F1E006618A} = {D950B4DB-F82C-4600-BB53-3CEE54044147}
	EndGlobalSection
	GlobalSection(ExtensibilityGlobals) = postSolution
		SolutionGuid = {F7755A43-FC53-4E0C-9BBF-B50865FBE6CB}
	EndGlobalSection
EndGlobal
